
Microsoft Visual Studio Solution File, Format Version 12.00
# Visual Studio Version 16
VisualStudioVersion = 16.0.31624.102
MinimumVisualStudioVersion = 10.0.40219.1
Project("{8BC9CEB8-8B4A-11D0-8D11-00A0C91BC942}") = "소스-과제7", "소스-과제7\소스-과제7.vcxproj", "{AFBC3B71-05F3-447D-8D3D-E613014C6ED4}"
EndProject
Global
	GlobalSection(SolutionConfigurationPlatforms) = preSolution
		Debug|x64 = Debug|x64
		Debug|x86 = Debug|x86
		Release|x64 = Release|x64
		Release|x86 = Release|x86
	EndGlobalSection
	GlobalSection(ProjectConfigurationPlatforms) = postSolution
		{AFBC3B71-05F3-447D-8D3D-E613014C6ED4}.Debug|x64.ActiveCfg = Debug|x64
		{AFBC3B71-05F3-447D-8D3D-E613014C6ED4}.Debug|x64.Build.0 = Debug|x64
		{AFBC3B71-05F3-447D-8D3D-E613014C6ED4}.Debug|x86.ActiveCfg = Debug|Win32
		{AFBC3B71-05F3-447D-8D3D-E613014C6ED4}.Debug|x86.Build.0 = Debug|Win32
		{AFBC3B71-05F3-447D-8D3D-E613014C6ED4}.Release|x64.ActiveCfg = Release|x64
		{AFBC3B71-05F3-447D-8D3D-E613014C6ED4}.Release|x64.Build.0 = Release|x64
		{AFBC3B71-05F3-447D-8D3D-E613014C6ED4}.Release|x86.ActiveCfg = Release|Win32
		{AFBC3B71-05F3-447D-8D3D-E613014C6ED4}.Release|x86.Build.0 = Release|Win32
	EndGlobalSection
	GlobalSection(SolutionProperties) = preSolution
		HideSolutionNode = FALSE
	EndGlobalSection
	GlobalSection(ExtensibilityGlobals) = postSolution
		SolutionGuid = {1C5BCDDB-1B93-4127-BFF5-006D08BC58EA}
	EndGlobalSection
EndGlobal
